
Microsoft Visual Studio Solution File, Format Version 12.00
# Visual Studio Version 16
VisualStudioVersion = 16.0.30523.141
MinimumVisualStudioVersion = 10.0.40219.1
Project("{9A19103F-16F7-4668-BE54-9A1E7A4F7556}") = "OdataBroker", "OdataBroker\OdataBroker.csproj", "{67EA9CFB-B68F-405F-995F-ECBB0CD7C538}"
EndProject
Global
	GlobalSection(SolutionConfigurationPlatforms) = preSolution
		Debug|Any CPU = Debug|Any CPU
		Release|Any CPU = Release|Any CPU
	EndGlobalSection
	GlobalSection(ProjectConfigurationPlatforms) = postSolution
		{67EA9CFB-B68F-405F-995F-ECBB0CD7C538}.Debug|Any CPU.ActiveCfg = Debug|Any CPU
		{67EA9CFB-B68F-405F-995F-ECBB0CD7C538}.Debug|Any CPU.Build.0 = Debug|Any CPU
		{67EA9CFB-B68F-405F-995F-ECBB0CD7C538}.Release|Any CPU.ActiveCfg = Release|Any CPU
		{67EA9CFB-B68F-405F-995F-ECBB0CD7C538}.Release|Any CPU.Build.0 = Release|Any CPU
	EndGlobalSection
	GlobalSection(SolutionProperties) = preSolution
		HideSolutionNode = FALSE
	EndGlobalSection
	GlobalSection(ExtensibilityGlobals) = postSolution
		SolutionGuid = {28F170CC-403B-480D-A467-4087FBDBADBF}
	EndGlobalSection
EndGlobal
